{
  "name": "jy21-react",
  "lockfileVersion": 3,
  "requires": true,
  "packages": {
    "": {
      "dependencies": {
        "cd": "^0.3.3",
        "demo03": "^1.0.0"
      }
    },
    "node_modules/cd": {
      "version": "0.3.3",
      "resolved": "https://registry.npmjs.org/cd/-/cd-0.3.3.tgz",
      "integrity": "sha512-X2y0Ssu48ucdkrNgCdg6k3EZWjWVy/dsEywUUTeZEIW31f3bQfq65Svm+TzU1Hz+qqhdmyCdjGhUvRsSKHl/mw==",
      "engines": {
        "node": "*"
      }
    },
    "node_modules/demo03": {
      "version": "1.0.0",
      "resolved": "https://registry.npmjs.org/demo03/-/demo03-1.0.0.tgz",
      "integrity": "sha512-2U8iYw2QZMJxJbs4UDT3O+0G0uuJJZLxVkppg34KI1a4fSj7Ix+cvfMnM2q2lTbnquy23Rn08t/3+4n1j6ZD3w=="
    }
  }
}
